
Microsoft Visual Studio Solution File, Format Version 12.00
# Visual Studio Version 17
VisualStudioVersion = 17.3.32901.215
MinimumVisualStudioVersion = 10.0.40219.1
Project("{9A19103F-16F7-4668-BE54-9A1E7A4F7556}") = "Gases2", "Gases2.csproj", "{7DEB0EDA-A4CF-4C41-B3FA-27DC7F7CF196}"
EndProject
Project("{FAE04EC0-301F-11D3-BF4B-00C04F79EFBC}") = "GasesTest", "..\GasesTest\GasesTest.csproj", "{3E30CC5D-3578-4D32-949F-1FC2C2D1A591}"
EndProject
Global
	GlobalSection(SolutionConfigurationPlatforms) = preSolution
		Debug|Any CPU = Debug|Any CPU
		Release|Any CPU = Release|Any CPU
	EndGlobalSection
	GlobalSection(ProjectConfigurationPlatforms) = postSolution
		{7DEB0EDA-A4CF-4C41-B3FA-27DC7F7CF196}.Debug|Any CPU.ActiveCfg = Debug|Any CPU
		{7DEB0EDA-A4CF-4C41-B3FA-27DC7F7CF196}.Debug|Any CPU.Build.0 = Debug|Any CPU
		{7DEB0EDA-A4CF-4C41-B3FA-27DC7F7CF196}.Release|Any CPU.ActiveCfg = Release|Any CPU
		{7DEB0EDA-A4CF-4C41-B3FA-27DC7F7CF196}.Release|Any CPU.Build.0 = Release|Any CPU
		{3E30CC5D-3578-4D32-949F-1FC2C2D1A591}.Debug|Any CPU.ActiveCfg = Debug|Any CPU
		{3E30CC5D-3578-4D32-949F-1FC2C2D1A591}.Debug|Any CPU.Build.0 = Debug|Any CPU
		{3E30CC5D-3578-4D32-949F-1FC2C2D1A591}.Release|Any CPU.ActiveCfg = Release|Any CPU
		{3E30CC5D-3578-4D32-949F-1FC2C2D1A591}.Release|Any CPU.Build.0 = Release|Any CPU
	EndGlobalSection
	GlobalSection(SolutionProperties) = preSolution
		HideSolutionNode = FALSE
	EndGlobalSection
	GlobalSection(ExtensibilityGlobals) = postSolution
		SolutionGuid = {6C49BB47-A743-4DB5-9388-D7E497BEEA47}
	EndGlobalSection
EndGlobal
